
Microsoft Visual Studio Solution File, Format Version 12.00
# Visual Studio Version 17
VisualStudioVersion = 17.4.33103.184
MinimumVisualStudioVersion = 10.0.40219.1
Project("{9A19103F-16F7-4668-BE54-9A1E7A4F7556}") = "Spice86.Templates", "Spice86.Templates.csproj", "{58FE152A-5D23-4BB8-9218-01BA1A13EB0E}"
EndProject
Global
	GlobalSection(SolutionConfigurationPlatforms) = preSolution
		Debug|Any CPU = Debug|Any CPU
		Release|Any CPU = Release|Any CPU
	EndGlobalSection
	GlobalSection(ProjectConfigurationPlatforms) = postSolution
		{58FE152A-5D23-4BB8-9218-01BA1A13EB0E}.Debug|Any CPU.ActiveCfg = Debug|Any CPU
		{58FE152A-5D23-4BB8-9218-01BA1A13EB0E}.Debug|Any CPU.Build.0 = Debug|Any CPU
		{58FE152A-5D23-4BB8-9218-01BA1A13EB0E}.Release|Any CPU.ActiveCfg = Release|Any CPU
		{58FE152A-5D23-4BB8-9218-01BA1A13EB0E}.Release|Any CPU.Build.0 = Release|Any CPU
	EndGlobalSection
	GlobalSection(SolutionProperties) = preSolution
		HideSolutionNode = FALSE
	EndGlobalSection
	GlobalSection(ExtensibilityGlobals) = postSolution
		SolutionGuid = {36832902-D64C-4BC3-A640-713A456AABF5}
	EndGlobalSection
EndGlobal
